
Microsoft Visual Studio Solution File, Format Version 12.00
Project("{FAE04EC0-301F-11D3-BF4B-00C04F79EFBC}") = "NotificationTester", "NotificationTester\NotificationTester.csproj", "{F6E60EF5-F25C-4D44-AF84-D8654B5FE85D}"
EndProject
Global
	GlobalSection(SolutionConfigurationPlatforms) = preSolution
		Debug|Any CPU = Debug|Any CPU
		Release|Any CPU = Release|Any CPU
	EndGlobalSection
	GlobalSection(ProjectConfigurationPlatforms) = postSolution
		{F6E60EF5-F25C-4D44-AF84-D8654B5FE85D}.Debug|Any CPU.ActiveCfg = Debug|Any CPU
		{F6E60EF5-F25C-4D44-AF84-D8654B5FE85D}.Debug|Any CPU.Build.0 = Debug|Any CPU
		{F6E60EF5-F25C-4D44-AF84-D8654B5FE85D}.Release|Any CPU.ActiveCfg = Release|Any CPU
		{F6E60EF5-F25C-4D44-AF84-D8654B5FE85D}.Release|Any CPU.Build.0 = Release|Any CPU
	EndGlobalSection
EndGlobal
